{
  "name": "music_download",
  "version": "0.3.0",
  "lockfileVersion": 2,
  "requires": true,
  "packages": {
    "": {
      "version": "0.3.0",
      "license": "GPL-3.0-or-later",
      "dependencies": {
        "browser-id3-writer": "^4.1.0",
        "iconv-lite": "^0.4.24",
        "node-fetch": "^2.6.1",
        "simple-netease-cloud-music": "^0.4.4"
      }
    },
    "node_modules/browser-id3-writer": {
      "version": "4.1.0",
      "resolved": "https://registry.npm.taobao.org/browser-id3-writer/download/browser-id3-writer-4.1.0.tgz",
      "integrity": "sha1-pL+ye82dpgHoqgPAvuJvovVuf0c=",
      "engines": {
        "node": ">=4.0.0"
      }
    },
    "node_modules/iconv-lite": {
      "version": "0.4.24",
      "resolved": "http://registry.npm.taobao.org/iconv-lite/download/iconv-lite-0.4.24.tgz",
      "integrity": "sha1-ICK0sl+93CHS9SSXSkdKr+czkIs=",
      "dependencies": {
        "safer-buffer": ">= 2.1.2 < 3"
      },
      "engines": {
        "node": ">=0.10.0"
      }
    },
    "node_modules/node-fetch": {
      "version": "2.6.1",
      "resolved": "https://registry.npm.taobao.org/node-fetch/download/node-fetch-2.6.1.tgz?cache=0&sync_timestamp=1599309198465&other_urls=https%3A%2F%2Fregistry.npm.taobao.org%2Fnode-fetch%2Fdownload%2Fnode-fetch-2.6.1.tgz",
      "integrity": "sha1-BFvTI2Mfdu0uK1VXM5RBa2OaAFI=",
      "engines": {
        "node": "4.x || >=6.0.0"
      }
    },
    "node_modules/safer-buffer": {
      "version": "2.1.2",
      "resolved": "http://registry.npm.taobao.org/safer-buffer/download/safer-buffer-2.1.2.tgz",
      "integrity": "sha1-RPoWGwGHuVSd2Eu5GAL5vYOFzWo="
    },
    "node_modules/simple-netease-cloud-music": {
      "version": "0.4.4",
      "resolved": "https://registry.npm.taobao.org/simple-netease-cloud-music/download/simple-netease-cloud-music-0.4.4.tgz",
      "integrity": "sha1-dx3FQ7Es3igWbUSY/uGT6zrgw40="
    }
  },
  "dependencies": {
    "browser-id3-writer": {
      "version": "4.1.0",
      "resolved": "https://registry.npm.taobao.org/browser-id3-writer/download/browser-id3-writer-4.1.0.tgz",
      "integrity": "sha1-pL+ye82dpgHoqgPAvuJvovVuf0c="
    },
    "iconv-lite": {
      "version": "0.4.24",
      "resolved": "http://registry.npm.taobao.org/iconv-lite/download/iconv-lite-0.4.24.tgz",
      "integrity": "sha1-ICK0sl+93CHS9SSXSkdKr+czkIs=",
      "requires": {
        "safer-buffer": ">= 2.1.2 < 3"
      }
    },
    "node-fetch": {
      "version": "2.6.1",
      "resolved": "https://registry.npm.taobao.org/node-fetch/download/node-fetch-2.6.1.tgz?cache=0&sync_timestamp=1599309198465&other_urls=https%3A%2F%2Fregistry.npm.taobao.org%2Fnode-fetch%2Fdownload%2Fnode-fetch-2.6.1.tgz",
      "integrity": "sha1-BFvTI2Mfdu0uK1VXM5RBa2OaAFI="
    },
    "safer-buffer": {
      "version": "2.1.2",
      "resolved": "http://registry.npm.taobao.org/safer-buffer/download/safer-buffer-2.1.2.tgz",
      "integrity": "sha1-RPoWGwGHuVSd2Eu5GAL5vYOFzWo="
    },
    "simple-netease-cloud-music": {
      "version": "0.4.4",
      "resolved": "https://registry.npm.taobao.org/simple-netease-cloud-music/download/simple-netease-cloud-music-0.4.4.tgz",
      "integrity": "sha1-dx3FQ7Es3igWbUSY/uGT6zrgw40="
    }
  }
}
